// !$*UTF8*$!
{
	archiveVersion = 1;
	classes = {
	};
	objectVersion = 46;
	objects = {

/* Begin PBXBuildFile section */
		7AFAEE161CACE7F60031DDC6 /* main.m in Sources */ = {isa = PBXBuildFile; fileRef = 7AFAEE151CACE7F60031DDC6 /* main.m */; };
/* End PBXBuildFile section */

/* Begin PBXCopyFilesBuildPhase section */
		7AFAEE101CACE7F60031DDC6 /* CopyFiles */ = {
			isa = PBXCopyFilesBuildPhase;
			buildActionMask = 2147483647;
			dstPath = /usr/share/man/man1/;
			dstSubfolderSpec = 0;
			files = (
			);
			runOnlyForDeploymentPostprocessing = 1;
		};
/* End PBXCopyFilesBuildPhase section */

/* Begin PBXFileReference section */
		7AFAEE121CACE7F60031DDC6 /* OC_FoundationLearnDame */ = {isa = PBXFileReference; explicitFileType = "compiled.mach-o.executable"; includeInIndex = 0; path = OC_FoundationLearnDame; sourceTree = BUILT_PRODUCTS_DIR; };
		7AFAEE151CACE7F60031DDC6 /* main.m */ = {isa = PBXFileReference; lastKnownFileType = sourcecode.c.objc; path = main.m; sourceTree = "<group>"; };
/* End PBXFileReference section */

/* Begin PBXFrameworksBuildPhase section */
		7AFAEE0F1CACE7F60031DDC6 /* Frameworks */ = {
			isa = PBXFrameworksBuildPhase;
			buildActionMask = 2147483647;
			files = (
			);
			runOnlyForDeploymentPostprocessing = 0;
		};
/* End PBXFrameworksBuildPhase section */

/* Begin PBXGroup section */
		7AFAEE091CACE7F60031DDC6 = {
			isa = PBXGroup;
			children = (
				7AFAEE141CACE7F60031DDC6 /* OC_FoundationLearnDame */,
				7AFAEE131CACE7F60031DDC6 /* Products */,
			);
			sourceTree = "<group>";
		};
		7AFAEE131CACE7F60031DDC6 /* Products */ = {
			isa = PBXGroup;
			children = (
				7AFAEE121CACE7F60031DDC6 /* OC_FoundationLearnDame */,
			);
			name = Products;
			sourceTree = "<group>";
		};
		7AFAEE141CACE7F60031DDC6 /* OC_FoundationLearnDame */ = {
			isa = PBXGroup;
			children = (
				7AFAEE151CACE7F60031DDC6 /* main.m */,
			);
			path = OC_FoundationLearnDame;
			sourceTree = "<group>";
		};
/* End PBXGroup section */

/* Begin PBXNativeTarget section */
		7AFAEE111CACE7F60031DDC6 /* OC_FoundationLearnDame */ = {
			isa = PBXNativeTarget;
			buildConfigurationList = 7AFAEE191CACE7F60031DDC6 /* Build configuration list for PBXNativeTarget "OC_FoundationLearnDame" */;
			buildPhases = (
				7AFAEE0E1CACE7F60031DDC6 /* Sources */,
				7AFAEE0F1CACE7F60031DDC6 /* Frameworks */,
				7AFAEE101CACE7F60031DDC6 /* CopyFiles */,
			);
			buildRules = (
			);
			dependencies = (
			);
			name = OC_FoundationLearnDame;
			productName = OC_FoundationLearnDame;
			productReference = 7AFAEE121CACE7F60031DDC6 /* OC_FoundationLearnDame */;
			productType = "com.apple.product-type.tool";
		};
/* End PBXNativeTarget section */

/* Begin PBXProject section */
		7AFAEE0A1CACE7F60031DDC6 /* Project object */ = {
			isa = PBXProject;
			attributes = {
				LastUpgradeCheck = 0720;
				ORGANIZATIONNAME = microi;
				TargetAttributes = {
					7AFAEE111CACE7F60031DDC6 = {
						CreatedOnToolsVersion = 7.2.1;
					};
				};
			};
			buildConfigurationList = 7AFAEE0D1CACE7F60031DDC6 /* Build configuration list for PBXProject "OC_FoundationLearnDame" */;
			compatibilityVersion = "Xcode 3.2";
			developmentRegion = English;
			hasScannedForEncodings = 0;
			knownRegions = (
				en,
			);
			mainGroup = 7AFAEE091CACE7F60031DDC6;
			productRefGroup = 7AFAEE131CACE7F60031DDC6 /* Products */;
			projectDirPath = "";
			projectRoot = "";
			targets = (
				7AFAEE111CACE7F60031DDC6 /* OC_FoundationLearnDame */,
			);
		};
/* End PBXProject section */

/* Begin PBXSourcesBuildPhase section */
		7AFAEE0E1CACE7F60031DDC6 /* Sources */ = {
			isa = PBXSourcesBuildPhase;
			buildActionMask = 2147483647;
			files = (
				7AFAEE161CACE7F60031DDC6 /* main.m in Sources */,
			);
			runOnlyForDeploymentPostprocessing = 0;
		};
/* End PBXSourcesBuildPhase section */

/* Begin XCBuildConfiguration section */
		7AFAEE171CACE7F60031DDC6 /* Debug */ = {
			isa = XCBuildConfiguration;
			buildSettings = {
				ALWAYS_SEARCH_USER_PATHS = NO;
				CLANG_CXX_LANGUAGE_STANDARD = "gnu++0x";
				CLANG_CXX_LIBRARY = "libc++";
				CLANG_ENABLE_MODULES = YES;
				CLANG_ENABLE_OBJC_ARC = YES;
				CLANG_WARN_BOOL_CONVERSION = YES;
				CLANG_WARN_CONSTANT_CONVERSION = YES;
				CLANG_WARN_DIRECT_OBJC_ISA_USAGE = YES_ERROR;
				CLANG_WARN_EMPTY_BODY = YES;
				CLANG_WARN_ENUM_CONVERSION = YES;
				CLANG_WARN_INT_CONVERSION = YES;
				CLANG_WARN_OBJC_ROOT_CLASS = YES_ERROR;
				CLANG_WARN_UNREACHABLE_CODE = YES;
				CLANG_WARN__DUPLICATE_METHOD_MATCH = YES;
				CODE_SIGN_IDENTITY = "-";
				COPY_PHASE_STRIP = NO;
				DEBUG_INFORMATION_FORMAT = dwarf;
				ENABLE_STRICT_OBJC_MSGSEND = YES;
				ENABLE_TESTABILITY = YES;
				GCC_C_LANGUAGE_STANDARD = gnu99;
				GCC_DYNAMIC_NO_PIC = NO;
				GCC_NO_COMMON_BLOCKS = YES;
				GCC_OPTIMIZATION_LEVEL = 0;
				GCC_PREPROCESSOR_DEFINITIONS = (
					"DEBUG=1",
					"$(inherited)",
				);
				GCC_WARN_64_TO_32_BIT_CONVERSION = YES;
				GCC_WARN_ABOUT_RETURN_TYPE = YES_ERROR;
				GCC_WARN_UNDECLARED_SELECTOR = YES;
				GCC_WARN_UNINITIALIZED_AUTOS = YES_AGGRESSIVE;
				GCC_WARN_UNUSED_FUNCTION = YES;
				GCC_WARN_UNUSED_VARIABLE = YES;
				MACOSX_DEPLOYMENT_TARGET = 10.10;
				MTL_ENABLE_DEBUG_INFO = YES;
				ONLY_ACTIVE_ARCH = YES;
				SDKROOT = macosx;
			};
			name = Debug;
		};
		7AFAEE181CACE7F60031DDC6 /* Release */ = {
			isa = XCBuildConfiguration;
			buildSettings = {
				ALWAYS_SEARCH_USER_PATHS = NO;
				CLANG_CXX_LANGUAGE_STANDARD = "gnu++0x";
				CLANG_CXX_LIBRARY = "libc++";
				CLANG_ENABLE_MODULES = YES;
				CLANG_ENABLE_OBJC_ARC = YES;
				CLANG_WARN_BOOL_CONVERSION = YES;
				CLANG_WARN_CONSTANT_CONVERSION = YES;
				CLANG_WARN_DIRECT_OBJC_ISA_USAGE = YES_ERROR;
				CLANG_WARN_EMPTY_BODY = YES;
				CLANG_WARN_ENUM_CONVERSION = YES;
				CLANG_WARN_INT_CONVERSION = YES;
				CLANG_WARN_OBJC_ROOT_CLASS = YES_ERROR;
				CLANG_WARN_UNREACHABLE_CODE = YES;
				CLANG_WARN__DUPLICATE_METHOD_MATCH = YES;
				CODE_SIGN_IDENTITY = "-";
				COPY_PHASE_STRIP = NO;
				DEBUG_INFORMATION_FORMAT = "dwarf-with-dsym";
				ENABLE_NS_ASSERTIONS = NO;
				ENABLE_STRICT_OBJC_MSGSEND = YES;
				GCC_C_LANGUAGE_STANDARD = gnu99;
				GCC_NO_COMMON_BLOCKS = YES;
				GCC_WARN_64_TO_32_BIT_CONVERSION = YES;
				GCC_WARN_ABOUT_RETURN_TYPE = YES_ERROR;
				GCC_WARN_UNDECLARED_SELECTOR = YES;
				GCC_WARN_UNINITIALIZED_AUTOS = YES_AGGRESSIVE;
				GCC_WARN_UNUSED_FUNCTION = YES;
				GCC_WARN_UNUSED_VARIABLE = YES;
				MACOSX_DEPLOYMENT_TARGET = 10.10;
				MTL_ENABLE_DEBUG_INFO = NO;
				SDKROOT = macosx;
			};
			name = Release;
		};
		7AFAEE1A1CACE7F60031DDC6 /* Debug */ = {
			isa = XCBuildConfiguration;
			buildSettings = {
				PRODUCT_NAME = "$(TARGET_NAME)";
			};
			name = Debug;
		};
		7AFAEE1B1CACE7F60031DDC6 /* Release */ = {
			isa = XCBuildConfiguration;
			buildSettings = {
				PRODUCT_NAME = "$(TARGET_NAME)";
			};
			name = Release;
		};
/* End XCBuildConfiguration section */

/* Begin XCConfigurationList section */
		7AFAEE0D1CACE7F60031DDC6 /* Build configuration list for PBXProject "OC_FoundationLearnDame" */ = {
			isa = XCConfigurationList;
			buildConfigurations = (
				7AFAEE171CACE7F60031DDC6 /* Debug */,
				7AFAEE181CACE7F60031DDC6 /* Release */,
			);
			defaultConfigurationIsVisible = 0;
			defaultConfigurationName = Release;
		};
		7AFAEE191CACE7F60031DDC6 /* Build configuration list for PBXNativeTarget "OC_FoundationLearnDame" */ = {
			isa = XCConfigurationList;
			buildConfigurations = (
				7AFAEE1A1CACE7F60031DDC6 /* Debug */,
				7AFAEE1B1CACE7F60031DDC6 /* Release */,
			);
			defaultConfigurationIsVisible = 0;
		};
/* End XCConfigurationList section */
	};
	rootObject = 7AFAEE0A1CACE7F60031DDC6 /* Project object */;
}
